// !$*UTF8*$!
{
	archiveVersion = 1;
	classes = {
	};
	objectVersion = 56;
	objects = {

/* Begin PBXBuildFile section */
		01A000000000000000000101 /* VertoApp.swift in Sources */ = {isa = PBXBuildFile; fileRef = 01A000000000000000000001 /* VertoApp.swift */; };
		01A000000000000000000102 /* AppShell.swift in Sources */ = {isa = PBXBuildFile; fileRef = 01A000000000000000000002 /* AppShell.swift */; };
		01A000000000000000000103 /* Theme.swift in Sources */ = {isa = PBXBuildFile; fileRef = 01A000000000000000000003 /* Theme.swift */; };
		01A000000000000000000104 /* Models.swift in Sources */ = {isa = PBXBuildFile; fileRef = 01A000000000000000000004 /* Models.swift */; };
		01A000000000000000000105 /* Components.swift in Sources */ = {isa = PBXBuildFile; fileRef = 01A000000000000000000005 /* Components.swift */; };
		01A000000000000000000106 /* TextTranslateView.swift in Sources */ = {isa = PBXBuildFile; fileRef = 01A000000000000000000006 /* TextTranslateView.swift */; };
		01A000000000000000000107 /* VoiceConversationView.swift in Sources */ = {isa = PBXBuildFile; fileRef = 01A000000000000000000007 /* VoiceConversationView.swift */; };
		01A000000000000000000108 /* CameraTranslateView.swift in Sources */ = {isa = PBXBuildFile; fileRef = 01A000000000000000000008 /* CameraTranslateView.swift */; };
		01A000000000000000000109 /* LanguagePickerView.swift in Sources */ = {isa = PBXBuildFile; fileRef = 01A000000000000000000009 /* LanguagePickerView.swift */; };
		01A000000000000000000110 /* HistoryView.swift in Sources */ = {isa = PBXBuildFile; fileRef = 01A000000000000000000010 /* HistoryView.swift */; };
		01A000000000000000000111 /* Assets.xcassets in Resources */ = {isa = PBXBuildFile; fileRef = 01A000000000000000000012 /* Assets.xcassets */; };
		01A000000000000000000112 /* TranslationService.swift in Sources */ = {isa = PBXBuildFile; fileRef = 01A000000000000000000013 /* TranslationService.swift */; };
		01A000000000000000000113 /* GoogleTranslateService.swift in Sources */ = {isa = PBXBuildFile; fileRef = 01A000000000000000000014 /* GoogleTranslateService.swift */; };
		01A000000000000000000114 /* AppSettings.swift in Sources */ = {isa = PBXBuildFile; fileRef = 01A000000000000000000015 /* AppSettings.swift */; };
		01A000000000000000000115 /* SettingsView.swift in Sources */ = {isa = PBXBuildFile; fileRef = 01A000000000000000000016 /* SettingsView.swift */; };
		01A000000000000000000515 /* OCRModelSection.swift in Sources */ = {isa = PBXBuildFile; fileRef = 01A000000000000000000415 /* OCRModelSection.swift */; };
		01A000000000000000000116 /* AppIcon.icon in Resources */ = {isa = PBXBuildFile; fileRef = 01A000000000000000000017 /* AppIcon.icon */; };
		01A000000000000000000117 /* Localizable.xcstrings in Resources */ = {isa = PBXBuildFile; fileRef = 01A000000000000000000018 /* Localizable.xcstrings */; };
		01A000000000000000000118 /* InfoPlist.xcstrings in Resources */ = {isa = PBXBuildFile; fileRef = 01A000000000000000000019 /* InfoPlist.xcstrings */; };
		01A000000000000000000301 /* VoiceTranscription.swift in Sources */ = {isa = PBXBuildFile; fileRef = 01A000000000000000000201 /* VoiceTranscription.swift */; };
		01A000000000000000000302 /* MicrophoneAudioSource.swift in Sources */ = {isa = PBXBuildFile; fileRef = 01A000000000000000000202 /* MicrophoneAudioSource.swift */; };
		01A000000000000000000303 /* SFSpeechTranscriptionService.swift in Sources */ = {isa = PBXBuildFile; fileRef = 01A000000000000000000203 /* SFSpeechTranscriptionService.swift */; };
		01A000000000000000000304 /* SpeechAnalyzerTranscriptionService.swift in Sources */ = {isa = PBXBuildFile; fileRef = 01A000000000000000000204 /* SpeechAnalyzerTranscriptionService.swift */; };
		01A000000000000000000305 /* CannedSpeechTranscriptionService.swift in Sources */ = {isa = PBXBuildFile; fileRef = 01A000000000000000000205 /* CannedSpeechTranscriptionService.swift */; };
		01A000000000000000000306 /* AppleTranslationService.swift in Sources */ = {isa = PBXBuildFile; fileRef = 01A000000000000000000206 /* AppleTranslationService.swift */; };
		01A000000000000000000307 /* SpeechSynthesizing.swift in Sources */ = {isa = PBXBuildFile; fileRef = 01A000000000000000000207 /* SpeechSynthesizing.swift */; };
		01A000000000000000000308 /* VoiceConversationController.swift in Sources */ = {isa = PBXBuildFile; fileRef = 01A000000000000000000208 /* VoiceConversationController.swift */; };
		01A000000000000000000501 /* TextRecognition.swift in Sources */ = {isa = PBXBuildFile; fileRef = 01A000000000000000000401 /* TextRecognition.swift */; };
		01A000000000000000000502 /* VisionTextRecognitionService.swift in Sources */ = {isa = PBXBuildFile; fileRef = 01A000000000000000000402 /* VisionTextRecognitionService.swift */; };
		01A000000000000000000503 /* PhotoCaptureSource.swift in Sources */ = {isa = PBXBuildFile; fileRef = 01A000000000000000000403 /* PhotoCaptureSource.swift */; };
		01A000000000000000000504 /* CannedPhotoCapture.swift in Sources */ = {isa = PBXBuildFile; fileRef = 01A000000000000000000404 /* CannedPhotoCapture.swift */; };
		01A000000000000000000505 /* PhotoTranslationController.swift in Sources */ = {isa = PBXBuildFile; fileRef = 01A000000000000000000405 /* PhotoTranslationController.swift */; };
		01A000000000000000000507 /* TextDetectionPostProcess.swift in Sources */ = {isa = PBXBuildFile; fileRef = 01A000000000000000000407 /* TextDetectionPostProcess.swift */; };
		01A000000000000000000508 /* CTCDecoder.swift in Sources */ = {isa = PBXBuildFile; fileRef = 01A000000000000000000408 /* CTCDecoder.swift */; };
		01A000000000000000000509 /* OCRModelPack.swift in Sources */ = {isa = PBXBuildFile; fileRef = 01A000000000000000000409 /* OCRModelPack.swift */; };
		01A000000000000000000510 /* OCRModelPackStore.swift in Sources */ = {isa = PBXBuildFile; fileRef = 01A000000000000000000410 /* OCRModelPackStore.swift */; };
		01A000000000000000000511 /* OCRModelCatalog.swift in Sources */ = {isa = PBXBuildFile; fileRef = 01A000000000000000000411 /* OCRModelCatalog.swift */; };
		01A000000000000000000512 /* OCRImageCanvas.swift in Sources */ = {isa = PBXBuildFile; fileRef = 01A000000000000000000412 /* OCRImageCanvas.swift */; };
		01A000000000000000000513 /* PaddleTextRecognitionService.swift in Sources */ = {isa = PBXBuildFile; fileRef = 01A000000000000000000413 /* PaddleTextRecognitionService.swift */; };
		01A000000000000000000514 /* RoutingTextRecognitionService.swift in Sources */ = {isa = PBXBuildFile; fileRef = 01A000000000000000000414 /* RoutingTextRecognitionService.swift */; };
		01A000000000000000000506 /* TranslationOverlay.swift in Sources */ = {isa = PBXBuildFile; fileRef = 01A000000000000000000406 /* TranslationOverlay.swift */; };
		01B000000000000000000101 /* VertoUITests.swift in Sources */ = {isa = PBXBuildFile; fileRef = 01B000000000000000000001 /* VertoUITests.swift */; };
		01C000000000000000000101 /* TranslationSessionDraftTests.swift in Sources */ = {isa = PBXBuildFile; fileRef = 01C000000000000000000001 /* TranslationSessionDraftTests.swift */; };
		01C000000000000000000102 /* GoogleTranslateServiceTests.swift in Sources */ = {isa = PBXBuildFile; fileRef = 01C000000000000000000002 /* GoogleTranslateServiceTests.swift */; };
		01C000000000000000000103 /* AppSettingsTests.swift in Sources */ = {isa = PBXBuildFile; fileRef = 01C000000000000000000003 /* AppSettingsTests.swift */; };
		01C000000000000000000104 /* VoiceConversationControllerTests.swift in Sources */ = {isa = PBXBuildFile; fileRef = 01C000000000000000000004 /* VoiceConversationControllerTests.swift */; };
		01C000000000000000000105 /* VoiceTranslationRouterTests.swift in Sources */ = {isa = PBXBuildFile; fileRef = 01C000000000000000000005 /* VoiceTranslationRouterTests.swift */; };
		01C000000000000000000106 /* LanguageSpeechLocaleTests.swift in Sources */ = {isa = PBXBuildFile; fileRef = 01C000000000000000000006 /* LanguageSpeechLocaleTests.swift */; };
		01C000000000000000000107 /* SpeechAvailabilityProbeTests.swift in Sources */ = {isa = PBXBuildFile; fileRef = 01C000000000000000000007 /* SpeechAvailabilityProbeTests.swift */; };
		01C000000000000000000108 /* LocalizationTests.swift in Sources */ = {isa = PBXBuildFile; fileRef = 01C000000000000000000008 /* LocalizationTests.swift */; };
		01C000000000000000000109 /* PhotoTranslationControllerTests.swift in Sources */ = {isa = PBXBuildFile; fileRef = 01C000000000000000000009 /* PhotoTranslationControllerTests.swift */; };
		01C000000000000000000110 /* TextBlockGeometryTests.swift in Sources */ = {isa = PBXBuildFile; fileRef = 01C000000000000000000010 /* TextBlockGeometryTests.swift */; };
		01C000000000000000000111 /* VisionAvailabilityProbeTests.swift in Sources */ = {isa = PBXBuildFile; fileRef = 01C000000000000000000012 /* VisionAvailabilityProbeTests.swift */; };
		01C000000000000000000112 /* PaddleOCRProbeTests.swift in Sources */ = {isa = PBXBuildFile; fileRef = 01C000000000000000000013 /* PaddleOCRProbeTests.swift */; };
/* End PBXBuildFile section */

/* Begin PBXContainerItemProxy section */
		01B000000000000000000090 /* PBXContainerItemProxy */ = {
			isa = PBXContainerItemProxy;
			containerPortal = 01A000000000000000000060 /* Project object */;
			proxyType = 1;
			remoteGlobalIDString = 01A000000000000000000040;
			remoteInfo = Verto;
		};
		01C000000000000000000090 /* PBXContainerItemProxy */ = {
			isa = PBXContainerItemProxy;
			containerPortal = 01A000000000000000000060 /* Project object */;
			proxyType = 1;
			remoteGlobalIDString = 01A000000000000000000040;
			remoteInfo = Verto;
		};
/* End PBXContainerItemProxy section */

/* Begin PBXFileReference section */
		01A000000000000000000001 /* VertoApp.swift */ = {isa = PBXFileReference; lastKnownFileType = sourcecode.swift; path = VertoApp.swift; sourceTree = "<group>"; };
		01A000000000000000000002 /* AppShell.swift */ = {isa = PBXFileReference; lastKnownFileType = sourcecode.swift; path = AppShell.swift; sourceTree = "<group>"; };
		01A000000000000000000003 /* Theme.swift */ = {isa = PBXFileReference; lastKnownFileType = sourcecode.swift; path = Theme.swift; sourceTree = "<group>"; };
		01A000000000000000000004 /* Models.swift */ = {isa = PBXFileReference; lastKnownFileType = sourcecode.swift; path = Models.swift; sourceTree = "<group>"; };
		01A000000000000000000005 /* Components.swift */ = {isa = PBXFileReference; lastKnownFileType = sourcecode.swift; path = Components.swift; sourceTree = "<group>"; };
		01A000000000000000000006 /* TextTranslateView.swift */ = {isa = PBXFileReference; lastKnownFileType = sourcecode.swift; path = TextTranslateView.swift; sourceTree = "<group>"; };
		01A000000000000000000007 /* VoiceConversationView.swift */ = {isa = PBXFileReference; lastKnownFileType = sourcecode.swift; path = VoiceConversationView.swift; sourceTree = "<group>"; };
		01A000000000000000000008 /* CameraTranslateView.swift */ = {isa = PBXFileReference; lastKnownFileType = sourcecode.swift; path = CameraTranslateView.swift; sourceTree = "<group>"; };
		01A000000000000000000009 /* LanguagePickerView.swift */ = {isa = PBXFileReference; lastKnownFileType = sourcecode.swift; path = LanguagePickerView.swift; sourceTree = "<group>"; };
		01A000000000000000000010 /* HistoryView.swift */ = {isa = PBXFileReference; lastKnownFileType = sourcecode.swift; path = HistoryView.swift; sourceTree = "<group>"; };
		01A000000000000000000011 /* Verto.app */ = {isa = PBXFileReference; explicitFileType = wrapper.application; includeInIndex = 0; path = Verto.app; sourceTree = BUILT_PRODUCTS_DIR; };
		01A000000000000000000012 /* Assets.xcassets */ = {isa = PBXFileReference; lastKnownFileType = folder.assetcatalog; path = Assets.xcassets; sourceTree = "<group>"; };
		01A000000000000000000013 /* TranslationService.swift */ = {isa = PBXFileReference; lastKnownFileType = sourcecode.swift; path = TranslationService.swift; sourceTree = "<group>"; };
		01A000000000000000000014 /* GoogleTranslateService.swift */ = {isa = PBXFileReference; lastKnownFileType = sourcecode.swift; path = GoogleTranslateService.swift; sourceTree = "<group>"; };
		01A000000000000000000015 /* AppSettings.swift */ = {isa = PBXFileReference; lastKnownFileType = sourcecode.swift; path = AppSettings.swift; sourceTree = "<group>"; };
		01A000000000000000000016 /* SettingsView.swift */ = {isa = PBXFileReference; lastKnownFileType = sourcecode.swift; path = SettingsView.swift; sourceTree = "<group>"; };
		01A000000000000000000415 /* OCRModelSection.swift */ = {isa = PBXFileReference; lastKnownFileType = sourcecode.swift; path = OCRModelSection.swift; sourceTree = "<group>"; };
		01A000000000000000000017 /* AppIcon.icon */ = {isa = PBXFileReference; lastKnownFileType = folder.iconcomposer.icon; path = AppIcon.icon; sourceTree = "<group>"; };
		01A000000000000000000018 /* Localizable.xcstrings */ = {isa = PBXFileReference; lastKnownFileType = text.json.xcstrings; path = Localizable.xcstrings; sourceTree = "<group>"; };
		01A000000000000000000019 /* InfoPlist.xcstrings */ = {isa = PBXFileReference; lastKnownFileType = text.json.xcstrings; path = InfoPlist.xcstrings; sourceTree = "<group>"; };
		01A000000000000000000201 /* VoiceTranscription.swift */ = {isa = PBXFileReference; lastKnownFileType = sourcecode.swift; path = VoiceTranscription.swift; sourceTree = "<group>"; };
		01A000000000000000000202 /* MicrophoneAudioSource.swift */ = {isa = PBXFileReference; lastKnownFileType = sourcecode.swift; path = MicrophoneAudioSource.swift; sourceTree = "<group>"; };
		01A000000000000000000203 /* SFSpeechTranscriptionService.swift */ = {isa = PBXFileReference; lastKnownFileType = sourcecode.swift; path = SFSpeechTranscriptionService.swift; sourceTree = "<group>"; };
		01A000000000000000000204 /* SpeechAnalyzerTranscriptionService.swift */ = {isa = PBXFileReference; lastKnownFileType = sourcecode.swift; path = SpeechAnalyzerTranscriptionService.swift; sourceTree = "<group>"; };
		01A000000000000000000205 /* CannedSpeechTranscriptionService.swift */ = {isa = PBXFileReference; lastKnownFileType = sourcecode.swift; path = CannedSpeechTranscriptionService.swift; sourceTree = "<group>"; };
		01A000000000000000000206 /* AppleTranslationService.swift */ = {isa = PBXFileReference; lastKnownFileType = sourcecode.swift; path = AppleTranslationService.swift; sourceTree = "<group>"; };
		01A000000000000000000207 /* SpeechSynthesizing.swift */ = {isa = PBXFileReference; lastKnownFileType = sourcecode.swift; path = SpeechSynthesizing.swift; sourceTree = "<group>"; };
		01A000000000000000000208 /* VoiceConversationController.swift */ = {isa = PBXFileReference; lastKnownFileType = sourcecode.swift; path = VoiceConversationController.swift; sourceTree = "<group>"; };
		01A000000000000000000401 /* TextRecognition.swift */ = {isa = PBXFileReference; lastKnownFileType = sourcecode.swift; path = TextRecognition.swift; sourceTree = "<group>"; };
		01A000000000000000000402 /* VisionTextRecognitionService.swift */ = {isa = PBXFileReference; lastKnownFileType = sourcecode.swift; path = VisionTextRecognitionService.swift; sourceTree = "<group>"; };
		01A000000000000000000403 /* PhotoCaptureSource.swift */ = {isa = PBXFileReference; lastKnownFileType = sourcecode.swift; path = PhotoCaptureSource.swift; sourceTree = "<group>"; };
		01A000000000000000000404 /* CannedPhotoCapture.swift */ = {isa = PBXFileReference; lastKnownFileType = sourcecode.swift; path = CannedPhotoCapture.swift; sourceTree = "<group>"; };
		01A000000000000000000405 /* PhotoTranslationController.swift */ = {isa = PBXFileReference; lastKnownFileType = sourcecode.swift; path = PhotoTranslationController.swift; sourceTree = "<group>"; };
		01A000000000000000000407 /* TextDetectionPostProcess.swift */ = {isa = PBXFileReference; lastKnownFileType = sourcecode.swift; path = TextDetectionPostProcess.swift; sourceTree = "<group>"; };
		01A000000000000000000408 /* CTCDecoder.swift */ = {isa = PBXFileReference; lastKnownFileType = sourcecode.swift; path = CTCDecoder.swift; sourceTree = "<group>"; };
		01A000000000000000000409 /* OCRModelPack.swift */ = {isa = PBXFileReference; lastKnownFileType = sourcecode.swift; path = OCRModelPack.swift; sourceTree = "<group>"; };
		01A000000000000000000410 /* OCRModelPackStore.swift */ = {isa = PBXFileReference; lastKnownFileType = sourcecode.swift; path = OCRModelPackStore.swift; sourceTree = "<group>"; };
		01A000000000000000000411 /* OCRModelCatalog.swift */ = {isa = PBXFileReference; lastKnownFileType = sourcecode.swift; path = OCRModelCatalog.swift; sourceTree = "<group>"; };
		01A000000000000000000412 /* OCRImageCanvas.swift */ = {isa = PBXFileReference; lastKnownFileType = sourcecode.swift; path = OCRImageCanvas.swift; sourceTree = "<group>"; };
		01A000000000000000000413 /* PaddleTextRecognitionService.swift */ = {isa = PBXFileReference; lastKnownFileType = sourcecode.swift; path = PaddleTextRecognitionService.swift; sourceTree = "<group>"; };
		01A000000000000000000414 /* RoutingTextRecognitionService.swift */ = {isa = PBXFileReference; lastKnownFileType = sourcecode.swift; path = RoutingTextRecognitionService.swift; sourceTree = "<group>"; };
		01A000000000000000000406 /* TranslationOverlay.swift */ = {isa = PBXFileReference; lastKnownFileType = sourcecode.swift; path = TranslationOverlay.swift; sourceTree = "<group>"; };
		01B000000000000000000001 /* VertoUITests.swift */ = {isa = PBXFileReference; lastKnownFileType = sourcecode.swift; path = VertoUITests.swift; sourceTree = "<group>"; };
		01B000000000000000000011 /* VertoUITests.xctest */ = {isa = PBXFileReference; explicitFileType = wrapper.cfbundle; includeInIndex = 0; path = VertoUITests.xctest; sourceTree = BUILT_PRODUCTS_DIR; };
		01C000000000000000000001 /* TranslationSessionDraftTests.swift */ = {isa = PBXFileReference; lastKnownFileType = sourcecode.swift; path = TranslationSessionDraftTests.swift; sourceTree = "<group>"; };
		01C000000000000000000002 /* GoogleTranslateServiceTests.swift */ = {isa = PBXFileReference; lastKnownFileType = sourcecode.swift; path = GoogleTranslateServiceTests.swift; sourceTree = "<group>"; };
		01C000000000000000000003 /* AppSettingsTests.swift */ = {isa = PBXFileReference; lastKnownFileType = sourcecode.swift; path = AppSettingsTests.swift; sourceTree = "<group>"; };
		01C000000000000000000004 /* VoiceConversationControllerTests.swift */ = {isa = PBXFileReference; lastKnownFileType = sourcecode.swift; path = VoiceConversationControllerTests.swift; sourceTree = "<group>"; };
		01C000000000000000000005 /* VoiceTranslationRouterTests.swift */ = {isa = PBXFileReference; lastKnownFileType = sourcecode.swift; path = VoiceTranslationRouterTests.swift; sourceTree = "<group>"; };
		01C000000000000000000006 /* LanguageSpeechLocaleTests.swift */ = {isa = PBXFileReference; lastKnownFileType = sourcecode.swift; path = LanguageSpeechLocaleTests.swift; sourceTree = "<group>"; };
		01C000000000000000000007 /* SpeechAvailabilityProbeTests.swift */ = {isa = PBXFileReference; lastKnownFileType = sourcecode.swift; path = SpeechAvailabilityProbeTests.swift; sourceTree = "<group>"; };
		01C000000000000000000008 /* LocalizationTests.swift */ = {isa = PBXFileReference; lastKnownFileType = sourcecode.swift; path = LocalizationTests.swift; sourceTree = "<group>"; };
		01C000000000000000000009 /* PhotoTranslationControllerTests.swift */ = {isa = PBXFileReference; lastKnownFileType = sourcecode.swift; path = PhotoTranslationControllerTests.swift; sourceTree = "<group>"; };
		01C000000000000000000010 /* TextBlockGeometryTests.swift */ = {isa = PBXFileReference; lastKnownFileType = sourcecode.swift; path = TextBlockGeometryTests.swift; sourceTree = "<group>"; };
		01C000000000000000000012 /* VisionAvailabilityProbeTests.swift */ = {isa = PBXFileReference; lastKnownFileType = sourcecode.swift; path = VisionAvailabilityProbeTests.swift; sourceTree = "<group>"; };
		01C000000000000000000013 /* PaddleOCRProbeTests.swift */ = {isa = PBXFileReference; lastKnownFileType = sourcecode.swift; path = PaddleOCRProbeTests.swift; sourceTree = "<group>"; };
		01C000000000000000000011 /* VertoTests.xctest */ = {isa = PBXFileReference; explicitFileType = wrapper.cfbundle; includeInIndex = 0; path = VertoTests.xctest; sourceTree = BUILT_PRODUCTS_DIR; };
/* End PBXFileReference section */

/* Begin PBXFrameworksBuildPhase section */
		01A000000000000000000020 /* Frameworks */ = {
			isa = PBXFrameworksBuildPhase;
			buildActionMask = 2147483647;
			files = (
			);
			runOnlyForDeploymentPostprocessing = 0;
		};
		01B000000000000000000020 /* Frameworks */ = {
			isa = PBXFrameworksBuildPhase;
			buildActionMask = 2147483647;
			files = (
			);
			runOnlyForDeploymentPostprocessing = 0;
		};
		01C000000000000000000020 /* Frameworks */ = {
			isa = PBXFrameworksBuildPhase;
			buildActionMask = 2147483647;
			files = (
			);
			runOnlyForDeploymentPostprocessing = 0;
		};
/* End PBXFrameworksBuildPhase section */

/* Begin PBXGroup section */
		01A000000000000000000030 = {
			isa = PBXGroup;
			children = (
				01A000000000000000000031 /* Verto */,
				01C000000000000000000031 /* VertoTests */,
				01B000000000000000000031 /* VertoUITests */,
				01A000000000000000000032 /* Products */,
			);
			sourceTree = "<group>";
		};
		01A000000000000000000031 /* Verto */ = {
			isa = PBXGroup;
			children = (
				01A000000000000000000001 /* VertoApp.swift */,
				01A000000000000000000002 /* AppShell.swift */,
				01A000000000000000000003 /* Theme.swift */,
				01A000000000000000000004 /* Models.swift */,
				01A000000000000000000005 /* Components.swift */,
				01A000000000000000000013 /* TranslationService.swift */,
				01A000000000000000000014 /* GoogleTranslateService.swift */,
				01A000000000000000000015 /* AppSettings.swift */,
				01A000000000000000000017 /* AppIcon.icon */,
				01A000000000000000000012 /* Assets.xcassets */,
				01A000000000000000000018 /* Localizable.xcstrings */,
				01A000000000000000000019 /* InfoPlist.xcstrings */,
				01A000000000000000000033 /* Screens */,
				01A000000000000000000034 /* Voice */,
				01A000000000000000000035 /* Camera */,
			);
			path = Verto;
			sourceTree = "<group>";
		};
		01A000000000000000000032 /* Products */ = {
			isa = PBXGroup;
			children = (
				01A000000000000000000011 /* Verto.app */,
				01C000000000000000000011 /* VertoTests.xctest */,
				01B000000000000000000011 /* VertoUITests.xctest */,
			);
			name = Products;
			sourceTree = "<group>";
		};
		01A000000000000000000033 /* Screens */ = {
			isa = PBXGroup;
			children = (
				01A000000000000000000006 /* TextTranslateView.swift */,
				01A000000000000000000007 /* VoiceConversationView.swift */,
				01A000000000000000000008 /* CameraTranslateView.swift */,
				01A000000000000000000009 /* LanguagePickerView.swift */,
				01A000000000000000000010 /* HistoryView.swift */,
				01A000000000000000000016 /* SettingsView.swift */,
				01A000000000000000000415 /* OCRModelSection.swift */,
			);
			path = Screens;
			sourceTree = "<group>";
		};
		01A000000000000000000034 /* Voice */ = {
			isa = PBXGroup;
			children = (
				01A000000000000000000201 /* VoiceTranscription.swift */,
				01A000000000000000000208 /* VoiceConversationController.swift */,
				01A000000000000000000202 /* MicrophoneAudioSource.swift */,
				01A000000000000000000204 /* SpeechAnalyzerTranscriptionService.swift */,
				01A000000000000000000203 /* SFSpeechTranscriptionService.swift */,
				01A000000000000000000205 /* CannedSpeechTranscriptionService.swift */,
				01A000000000000000000206 /* AppleTranslationService.swift */,
				01A000000000000000000207 /* SpeechSynthesizing.swift */,
			);
			path = Voice;
			sourceTree = "<group>";
		};
		01A000000000000000000035 /* Camera */ = {
			isa = PBXGroup;
			children = (
				01A000000000000000000401 /* TextRecognition.swift */,
				01A000000000000000000405 /* PhotoTranslationController.swift */,
				01A000000000000000000407 /* TextDetectionPostProcess.swift */,
				01A000000000000000000408 /* CTCDecoder.swift */,
				01A000000000000000000409 /* OCRModelPack.swift */,
				01A000000000000000000410 /* OCRModelPackStore.swift */,
				01A000000000000000000411 /* OCRModelCatalog.swift */,
				01A000000000000000000412 /* OCRImageCanvas.swift */,
				01A000000000000000000413 /* PaddleTextRecognitionService.swift */,
				01A000000000000000000414 /* RoutingTextRecognitionService.swift */,
				01A000000000000000000402 /* VisionTextRecognitionService.swift */,
				01A000000000000000000403 /* PhotoCaptureSource.swift */,
				01A000000000000000000404 /* CannedPhotoCapture.swift */,
				01A000000000000000000406 /* TranslationOverlay.swift */,
			);
			path = Camera;
			sourceTree = "<group>";
		};
		01B000000000000000000031 /* VertoUITests */ = {
			isa = PBXGroup;
			children = (
				01B000000000000000000001 /* VertoUITests.swift */,
			);
			path = VertoUITests;
			sourceTree = "<group>";
		};
		01C000000000000000000031 /* VertoTests */ = {
			isa = PBXGroup;
			children = (
				01C000000000000000000001 /* TranslationSessionDraftTests.swift */,
				01C000000000000000000002 /* GoogleTranslateServiceTests.swift */,
				01C000000000000000000003 /* AppSettingsTests.swift */,
				01C000000000000000000004 /* VoiceConversationControllerTests.swift */,
				01C000000000000000000005 /* VoiceTranslationRouterTests.swift */,
				01C000000000000000000006 /* LanguageSpeechLocaleTests.swift */,
				01C000000000000000000007 /* SpeechAvailabilityProbeTests.swift */,
				01C000000000000000000008 /* LocalizationTests.swift */,
				01C000000000000000000009 /* PhotoTranslationControllerTests.swift */,
				01C000000000000000000010 /* TextBlockGeometryTests.swift */,
				01C000000000000000000012 /* VisionAvailabilityProbeTests.swift */,
				01C000000000000000000013 /* PaddleOCRProbeTests.swift */,
			);
			path = VertoTests;
			sourceTree = "<group>";
		};
/* End PBXGroup section */

/* Begin PBXNativeTarget section */
		01A000000000000000000040 /* Verto */ = {
			isa = PBXNativeTarget;
			buildConfigurationList = 01A000000000000000000070 /* Build configuration list for PBXNativeTarget "Verto" */;
			buildPhases = (
				01A000000000000000000050 /* Sources */,
				01A000000000000000000020 /* Frameworks */,
				01A000000000000000000051 /* Resources */,
			);
			buildRules = (
			);
			dependencies = (
			);
			name = Verto;
			productName = Verto;
			productReference = 01A000000000000000000011 /* Verto.app */;
			productType = "com.apple.product-type.application";
		};
		01B000000000000000000040 /* VertoUITests */ = {
			isa = PBXNativeTarget;
			buildConfigurationList = 01B000000000000000000070 /* Build configuration list for PBXNativeTarget "VertoUITests" */;
			buildPhases = (
				01B000000000000000000050 /* Sources */,
				01B000000000000000000020 /* Frameworks */,
				01B000000000000000000051 /* Resources */,
			);
			buildRules = (
			);
			dependencies = (
				01B000000000000000000091 /* PBXTargetDependency */,
			);
			name = VertoUITests;
			productName = VertoUITests;
			productReference = 01B000000000000000000011 /* VertoUITests.xctest */;
			productType = "com.apple.product-type.bundle.ui-testing";
		};
		01C000000000000000000040 /* VertoTests */ = {
			isa = PBXNativeTarget;
			buildConfigurationList = 01C000000000000000000070 /* Build configuration list for PBXNativeTarget "VertoTests" */;
			buildPhases = (
				01C000000000000000000050 /* Sources */,
				01C000000000000000000020 /* Frameworks */,
				01C000000000000000000051 /* Resources */,
			);
			buildRules = (
			);
			dependencies = (
				01C000000000000000000091 /* PBXTargetDependency */,
			);
			name = VertoTests;
			productName = VertoTests;
			productReference = 01C000000000000000000011 /* VertoTests.xctest */;
			productType = "com.apple.product-type.bundle.unit-test";
		};
/* End PBXNativeTarget section */

/* Begin PBXProject section */
		01A000000000000000000060 /* Project object */ = {
			isa = PBXProject;
			attributes = {
				BuildIndependentTargetsInParallel = 1;
				LastSwiftUpdateCheck = 2650;
				LastUpgradeCheck = 2650;
				TargetAttributes = {
					01A000000000000000000040 = {
						CreatedOnToolsVersion = 26.5;
					};
					01B000000000000000000040 = {
						CreatedOnToolsVersion = 27.0;
						TestTargetID = 01A000000000000000000040;
					};
					01C000000000000000000040 = {
						CreatedOnToolsVersion = 27.0;
						TestTargetID = 01A000000000000000000040;
					};
				};
			};
			buildConfigurationList = 01A000000000000000000071 /* Build configuration list for PBXProject "Verto" */;
			compatibilityVersion = "Xcode 14.0";
			developmentRegion = "zh-Hans";
			hasScannedForEncodings = 0;
			knownRegions = (
				en,
				Base,
				"zh-Hans",
				ja,
				ko,
				es,
			);
			mainGroup = 01A000000000000000000030;
			productRefGroup = 01A000000000000000000032 /* Products */;
			projectDirPath = "";
			projectRoot = "";
			targets = (
				01A000000000000000000040 /* Verto */,
				01C000000000000000000040 /* VertoTests */,
				01B000000000000000000040 /* VertoUITests */,
			);
		};
/* End PBXProject section */

/* Begin PBXResourcesBuildPhase section */
		01A000000000000000000051 /* Resources */ = {
			isa = PBXResourcesBuildPhase;
			buildActionMask = 2147483647;
			files = (
				01A000000000000000000111 /* Assets.xcassets in Resources */,
				01A000000000000000000116 /* AppIcon.icon in Resources */,
				01A000000000000000000117 /* Localizable.xcstrings in Resources */,
				01A000000000000000000118 /* InfoPlist.xcstrings in Resources */,
			);
			runOnlyForDeploymentPostprocessing = 0;
		};
		01B000000000000000000051 /* Resources */ = {
			isa = PBXResourcesBuildPhase;
			buildActionMask = 2147483647;
			files = (
			);
			runOnlyForDeploymentPostprocessing = 0;
		};
		01C000000000000000000051 /* Resources */ = {
			isa = PBXResourcesBuildPhase;
			buildActionMask = 2147483647;
			files = (
			);
			runOnlyForDeploymentPostprocessing = 0;
		};
/* End PBXResourcesBuildPhase section */

/* Begin PBXSourcesBuildPhase section */
		01A000000000000000000050 /* Sources */ = {
			isa = PBXSourcesBuildPhase;
			buildActionMask = 2147483647;
			files = (
				01A000000000000000000101 /* VertoApp.swift in Sources */,
				01A000000000000000000102 /* AppShell.swift in Sources */,
				01A000000000000000000103 /* Theme.swift in Sources */,
				01A000000000000000000104 /* Models.swift in Sources */,
				01A000000000000000000105 /* Components.swift in Sources */,
				01A000000000000000000106 /* TextTranslateView.swift in Sources */,
				01A000000000000000000107 /* VoiceConversationView.swift in Sources */,
				01A000000000000000000108 /* CameraTranslateView.swift in Sources */,
				01A000000000000000000109 /* LanguagePickerView.swift in Sources */,
				01A000000000000000000110 /* HistoryView.swift in Sources */,
				01A000000000000000000112 /* TranslationService.swift in Sources */,
				01A000000000000000000113 /* GoogleTranslateService.swift in Sources */,
				01A000000000000000000114 /* AppSettings.swift in Sources */,
				01A000000000000000000115 /* SettingsView.swift in Sources */,
				01A000000000000000000515 /* OCRModelSection.swift in Sources */,
				01A000000000000000000301 /* VoiceTranscription.swift in Sources */,
				01A000000000000000000302 /* MicrophoneAudioSource.swift in Sources */,
				01A000000000000000000303 /* SFSpeechTranscriptionService.swift in Sources */,
				01A000000000000000000304 /* SpeechAnalyzerTranscriptionService.swift in Sources */,
				01A000000000000000000305 /* CannedSpeechTranscriptionService.swift in Sources */,
				01A000000000000000000306 /* AppleTranslationService.swift in Sources */,
				01A000000000000000000307 /* SpeechSynthesizing.swift in Sources */,
				01A000000000000000000308 /* VoiceConversationController.swift in Sources */,
				01A000000000000000000501 /* TextRecognition.swift in Sources */,
				01A000000000000000000502 /* VisionTextRecognitionService.swift in Sources */,
				01A000000000000000000503 /* PhotoCaptureSource.swift in Sources */,
				01A000000000000000000504 /* CannedPhotoCapture.swift in Sources */,
				01A000000000000000000505 /* PhotoTranslationController.swift in Sources */,
				01A000000000000000000507 /* TextDetectionPostProcess.swift in Sources */,
				01A000000000000000000508 /* CTCDecoder.swift in Sources */,
				01A000000000000000000509 /* OCRModelPack.swift in Sources */,
				01A000000000000000000510 /* OCRModelPackStore.swift in Sources */,
				01A000000000000000000511 /* OCRModelCatalog.swift in Sources */,
				01A000000000000000000512 /* OCRImageCanvas.swift in Sources */,
				01A000000000000000000513 /* PaddleTextRecognitionService.swift in Sources */,
				01A000000000000000000514 /* RoutingTextRecognitionService.swift in Sources */,
				01A000000000000000000506 /* TranslationOverlay.swift in Sources */,
			);
			runOnlyForDeploymentPostprocessing = 0;
		};
		01B000000000000000000050 /* Sources */ = {
			isa = PBXSourcesBuildPhase;
			buildActionMask = 2147483647;
			files = (
				01B000000000000000000101 /* VertoUITests.swift in Sources */,
			);
			runOnlyForDeploymentPostprocessing = 0;
		};
		01C000000000000000000050 /* Sources */ = {
			isa = PBXSourcesBuildPhase;
			buildActionMask = 2147483647;
			files = (
				01C000000000000000000101 /* TranslationSessionDraftTests.swift in Sources */,
				01C000000000000000000102 /* GoogleTranslateServiceTests.swift in Sources */,
				01C000000000000000000103 /* AppSettingsTests.swift in Sources */,
				01C000000000000000000104 /* VoiceConversationControllerTests.swift in Sources */,
				01C000000000000000000105 /* VoiceTranslationRouterTests.swift in Sources */,
				01C000000000000000000106 /* LanguageSpeechLocaleTests.swift in Sources */,
				01C000000000000000000107 /* SpeechAvailabilityProbeTests.swift in Sources */,
				01C000000000000000000108 /* LocalizationTests.swift in Sources */,
				01C000000000000000000109 /* PhotoTranslationControllerTests.swift in Sources */,
				01C000000000000000000110 /* TextBlockGeometryTests.swift in Sources */,
				01C000000000000000000111 /* VisionAvailabilityProbeTests.swift in Sources */,
				01C000000000000000000112 /* PaddleOCRProbeTests.swift in Sources */,
			);
			runOnlyForDeploymentPostprocessing = 0;
		};
/* End PBXSourcesBuildPhase section */

/* Begin PBXTargetDependency section */
		01B000000000000000000091 /* PBXTargetDependency */ = {
			isa = PBXTargetDependency;
			target = 01A000000000000000000040 /* Verto */;
			targetProxy = 01B000000000000000000090 /* PBXContainerItemProxy */;
		};
		01C000000000000000000091 /* PBXTargetDependency */ = {
			isa = PBXTargetDependency;
			target = 01A000000000000000000040 /* Verto */;
			targetProxy = 01C000000000000000000090 /* PBXContainerItemProxy */;
		};
/* End PBXTargetDependency section */

/* Begin XCBuildConfiguration section */
		01A000000000000000000080 /* Debug */ = {
			isa = XCBuildConfiguration;
			buildSettings = {
				ALWAYS_SEARCH_USER_PATHS = NO;
				CLANG_ANALYZER_NONNULL = YES;
				CLANG_ANALYZER_NUMBER_OBJECT_CONVERSION = YES_AGGRESSIVE;
				CLANG_CXX_LANGUAGE_STANDARD = "gnu++20";
				CLANG_ENABLE_MODULES = YES;
				CLANG_ENABLE_OBJC_ARC = YES;
				CLANG_ENABLE_OBJC_WEAK = YES;
				CLANG_WARN_BLOCK_CAPTURE_AUTORELEASING = YES;
				CLANG_WARN_BOOL_CONVERSION = YES;
				CLANG_WARN_COMMA = YES;
				CLANG_WARN_CONSTANT_CONVERSION = YES;
				CLANG_WARN_DEPRECATED_OBJC_IMPLEMENTATIONS = YES;
				CLANG_WARN_DIRECT_OBJC_ISA_USAGE = YES_ERROR;
				CLANG_WARN_DOCUMENTATION_COMMENTS = YES;
				CLANG_WARN_EMPTY_BODY = YES;
				CLANG_WARN_ENUM_CONVERSION = YES;
				CLANG_WARN_INFINITE_RECURSION = YES;
				CLANG_WARN_INT_CONVERSION = YES;
				CLANG_WARN_NON_LITERAL_NULL_CONVERSION = YES;
				CLANG_WARN_OBJC_IMPLICIT_RETAIN_SELF = YES;
				CLANG_WARN_OBJC_LITERAL_CONVERSION = YES;
				CLANG_WARN_OBJC_ROOT_CLASS = YES_ERROR;
				CLANG_WARN_QUOTED_INCLUDE_IN_FRAMEWORK_HEADER = YES;
				CLANG_WARN_RANGE_LOOP_ANALYSIS = YES;
				CLANG_WARN_STRICT_PROTOTYPES = YES;
				CLANG_WARN_SUSPICIOUS_MOVE = YES;
				CLANG_WARN_UNGUARDED_AVAILABILITY = YES_AGGRESSIVE;
				CLANG_WARN_UNREACHABLE_CODE = YES;
				CLANG_WARN__DUPLICATE_METHOD_MATCH = YES;
				COPY_PHASE_STRIP = NO;
				DEBUG_INFORMATION_FORMAT = dwarf;
				ENABLE_STRICT_OBJC_MSGSEND = YES;
				ENABLE_TESTABILITY = YES;
				ENABLE_USER_SCRIPT_SANDBOXING = YES;
				GCC_C_LANGUAGE_STANDARD = gnu17;
				GCC_DYNAMIC_NO_PIC = NO;
				GCC_NO_COMMON_BLOCKS = YES;
				GCC_OPTIMIZATION_LEVEL = 0;
				GCC_PREPROCESSOR_DEFINITIONS = (
					"DEBUG=1",
					"$(inherited)",
				);
				GCC_WARN_64_TO_32_BIT_CONVERSION = YES;
				GCC_WARN_ABOUT_RETURN_TYPE = YES_ERROR;
				GCC_WARN_UNDECLARED_SELECTOR = YES;
				GCC_WARN_UNINITIALIZED_AUTOS = YES_AGGRESSIVE;
				GCC_WARN_UNUSED_FUNCTION = YES;
				GCC_WARN_UNUSED_VARIABLE = YES;
				IPHONEOS_DEPLOYMENT_TARGET = 17.0;
				LOCALIZATION_PREFERS_STRING_CATALOGS = YES;
				MTL_ENABLE_DEBUG_INFO = INCLUDE_SOURCE;
				MTL_FAST_MATH = YES;
				ONLY_ACTIVE_ARCH = YES;
				SDKROOT = iphoneos;
				SWIFT_ACTIVE_COMPILATION_CONDITIONS = "DEBUG $(inherited)";
				SWIFT_OPTIMIZATION_LEVEL = "-Onone";
			};
			name = Debug;
		};
		01A000000000000000000081 /* Release */ = {
			isa = XCBuildConfiguration;
			buildSettings = {
				ALWAYS_SEARCH_USER_PATHS = NO;
				CLANG_ANALYZER_NONNULL = YES;
				CLANG_ANALYZER_NUMBER_OBJECT_CONVERSION = YES_AGGRESSIVE;
				CLANG_CXX_LANGUAGE_STANDARD = "gnu++20";
				CLANG_ENABLE_MODULES = YES;
				CLANG_ENABLE_OBJC_ARC = YES;
				CLANG_ENABLE_OBJC_WEAK = YES;
				CLANG_WARN_BLOCK_CAPTURE_AUTORELEASING = YES;
				CLANG_WARN_BOOL_CONVERSION = YES;
				CLANG_WARN_COMMA = YES;
				CLANG_WARN_CONSTANT_CONVERSION = YES;
				CLANG_WARN_DEPRECATED_OBJC_IMPLEMENTATIONS = YES;
				CLANG_WARN_DIRECT_OBJC_ISA_USAGE = YES_ERROR;
				CLANG_WARN_DOCUMENTATION_COMMENTS = YES;
				CLANG_WARN_EMPTY_BODY = YES;
				CLANG_WARN_ENUM_CONVERSION = YES;
				CLANG_WARN_INFINITE_RECURSION = YES;
				CLANG_WARN_INT_CONVERSION = YES;
				CLANG_WARN_NON_LITERAL_NULL_CONVERSION = YES;
				CLANG_WARN_OBJC_IMPLICIT_RETAIN_SELF = YES;
				CLANG_WARN_OBJC_LITERAL_CONVERSION = YES;
				CLANG_WARN_OBJC_ROOT_CLASS = YES_ERROR;
				CLANG_WARN_QUOTED_INCLUDE_IN_FRAMEWORK_HEADER = YES;
				CLANG_WARN_RANGE_LOOP_ANALYSIS = YES;
				CLANG_WARN_STRICT_PROTOTYPES = YES;
				CLANG_WARN_SUSPICIOUS_MOVE = YES;
				CLANG_WARN_UNGUARDED_AVAILABILITY = YES_AGGRESSIVE;
				CLANG_WARN_UNREACHABLE_CODE = YES;
				CLANG_WARN__DUPLICATE_METHOD_MATCH = YES;
				COPY_PHASE_STRIP = NO;
				DEBUG_INFORMATION_FORMAT = "dwarf-with-dsym";
				ENABLE_NS_ASSERTIONS = NO;
				ENABLE_STRICT_OBJC_MSGSEND = YES;
				ENABLE_USER_SCRIPT_SANDBOXING = YES;
				GCC_C_LANGUAGE_STANDARD = gnu17;
				GCC_NO_COMMON_BLOCKS = YES;
				GCC_WARN_64_TO_32_BIT_CONVERSION = YES;
				GCC_WARN_ABOUT_RETURN_TYPE = YES_ERROR;
				GCC_WARN_UNDECLARED_SELECTOR = YES;
				GCC_WARN_UNINITIALIZED_AUTOS = YES_AGGRESSIVE;
				GCC_WARN_UNUSED_FUNCTION = YES;
				GCC_WARN_UNUSED_VARIABLE = YES;
				IPHONEOS_DEPLOYMENT_TARGET = 17.0;
				LOCALIZATION_PREFERS_STRING_CATALOGS = YES;
				MTL_ENABLE_DEBUG_INFO = NO;
				MTL_FAST_MATH = YES;
				SDKROOT = iphoneos;
				SWIFT_COMPILATION_MODE = wholemodule;
				VALIDATE_PRODUCT = YES;
			};
			name = Release;
		};
		01A000000000000000000082 /* Debug */ = {
			isa = XCBuildConfiguration;
			buildSettings = {
				ASSETCATALOG_COMPILER_APPICON_NAME = AppIcon;
				ASSETCATALOG_COMPILER_GLOBAL_ACCENT_COLOR_NAME = AccentColor;
				CODE_SIGN_STYLE = Automatic;
				CURRENT_PROJECT_VERSION = 1;
				DEVELOPMENT_ASSET_PATHS = "";
				DEVELOPMENT_TEAM = Z42T9RCB38;
				ENABLE_PREVIEWS = YES;
				GENERATE_INFOPLIST_FILE = YES;
				INFOPLIST_KEY_CFBundleDisplayName = "译境";
				INFOPLIST_KEY_LSApplicationCategoryType = "public.app-category.utilities";
				INFOPLIST_KEY_NSCameraUsageDescription = "拍照翻译需要使用相机拍摄画面里的文字，用于识别并翻译。";
				INFOPLIST_KEY_NSMicrophoneUsageDescription = "对话翻译需要使用麦克风录制你的语音，用于实时语音识别与翻译。";
				INFOPLIST_KEY_NSSpeechRecognitionUsageDescription = "需要语音识别权限把你的语音转成文字后翻译；iOS 26 及以上识别在你的设备上完成。";
				INFOPLIST_KEY_UIApplicationSceneManifest_Generation = YES;
				INFOPLIST_KEY_UIApplicationSupportsIndirectInputEvents = YES;
				INFOPLIST_KEY_UILaunchScreen_Generation = YES;
				INFOPLIST_KEY_UISupportedInterfaceOrientations_iPhone = UIInterfaceOrientationPortrait;
				IPHONEOS_DEPLOYMENT_TARGET = 17.0;
				LD_RUNPATH_SEARCH_PATHS = (
					"$(inherited)",
					"@executable_path/Frameworks",
				);
				MARKETING_VERSION = 1.0;
				PRODUCT_BUNDLE_IDENTIFIER = com.yspritan.verto;
				PRODUCT_NAME = "$(TARGET_NAME)";
				SUPPORTED_PLATFORMS = "iphoneos iphonesimulator";
				SUPPORTS_MACCATALYST = NO;
				SUPPORTS_MAC_DESIGNED_FOR_IPHONE_IPAD = NO;
				SWIFT_EMIT_LOC_STRINGS = YES;
				SWIFT_VERSION = 5.0;
				TARGETED_DEVICE_FAMILY = 1;
			};
			name = Debug;
		};
		01A000000000000000000083 /* Release */ = {
			isa = XCBuildConfiguration;
			buildSettings = {
				ASSETCATALOG_COMPILER_APPICON_NAME = AppIcon;
				ASSETCATALOG_COMPILER_GLOBAL_ACCENT_COLOR_NAME = AccentColor;
				CODE_SIGN_STYLE = Automatic;
				CURRENT_PROJECT_VERSION = 1;
				DEVELOPMENT_ASSET_PATHS = "";
				DEVELOPMENT_TEAM = Z42T9RCB38;
				ENABLE_PREVIEWS = YES;
				GENERATE_INFOPLIST_FILE = YES;
				INFOPLIST_KEY_CFBundleDisplayName = "译境";
				INFOPLIST_KEY_LSApplicationCategoryType = "public.app-category.utilities";
				INFOPLIST_KEY_NSCameraUsageDescription = "拍照翻译需要使用相机拍摄画面里的文字，用于识别并翻译。";
				INFOPLIST_KEY_NSMicrophoneUsageDescription = "对话翻译需要使用麦克风录制你的语音，用于实时语音识别与翻译。";
				INFOPLIST_KEY_NSSpeechRecognitionUsageDescription = "需要语音识别权限把你的语音转成文字后翻译；iOS 26 及以上识别在你的设备上完成。";
				INFOPLIST_KEY_UIApplicationSceneManifest_Generation = YES;
				INFOPLIST_KEY_UIApplicationSupportsIndirectInputEvents = YES;
				INFOPLIST_KEY_UILaunchScreen_Generation = YES;
				INFOPLIST_KEY_UISupportedInterfaceOrientations_iPhone = UIInterfaceOrientationPortrait;
				IPHONEOS_DEPLOYMENT_TARGET = 17.0;
				LD_RUNPATH_SEARCH_PATHS = (
					"$(inherited)",
					"@executable_path/Frameworks",
				);
				MARKETING_VERSION = 1.0;
				PRODUCT_BUNDLE_IDENTIFIER = com.yspritan.verto;
				PRODUCT_NAME = "$(TARGET_NAME)";
				SUPPORTED_PLATFORMS = "iphoneos iphonesimulator";
				SUPPORTS_MACCATALYST = NO;
				SUPPORTS_MAC_DESIGNED_FOR_IPHONE_IPAD = NO;
				SWIFT_EMIT_LOC_STRINGS = YES;
				SWIFT_VERSION = 5.0;
				TARGETED_DEVICE_FAMILY = 1;
			};
			name = Release;
		};
		01B000000000000000000082 /* Debug */ = {
			isa = XCBuildConfiguration;
			buildSettings = {
				CODE_SIGN_STYLE = Automatic;
				CURRENT_PROJECT_VERSION = 1;
				DEVELOPMENT_TEAM = "";
				GENERATE_INFOPLIST_FILE = YES;
				IPHONEOS_DEPLOYMENT_TARGET = 17.0;
				LD_RUNPATH_SEARCH_PATHS = (
					"$(inherited)",
					"@executable_path/Frameworks",
					"@loader_path/Frameworks",
				);
				MARKETING_VERSION = 1.0;
				PRODUCT_BUNDLE_IDENTIFIER = com.yspritan.verto.uitests;
				PRODUCT_NAME = "$(TARGET_NAME)";
				SUPPORTED_PLATFORMS = "iphoneos iphonesimulator";
				SUPPORTS_MACCATALYST = NO;
				SUPPORTS_MAC_DESIGNED_FOR_IPHONE_IPAD = NO;
				SWIFT_EMIT_LOC_STRINGS = NO;
				SWIFT_VERSION = 5.0;
				TARGETED_DEVICE_FAMILY = 1;
				TEST_TARGET_NAME = Verto;
			};
			name = Debug;
		};
		01B000000000000000000083 /* Release */ = {
			isa = XCBuildConfiguration;
			buildSettings = {
				CODE_SIGN_STYLE = Automatic;
				CURRENT_PROJECT_VERSION = 1;
				DEVELOPMENT_TEAM = "";
				GENERATE_INFOPLIST_FILE = YES;
				IPHONEOS_DEPLOYMENT_TARGET = 17.0;
				LD_RUNPATH_SEARCH_PATHS = (
					"$(inherited)",
					"@executable_path/Frameworks",
					"@loader_path/Frameworks",
				);
				MARKETING_VERSION = 1.0;
				PRODUCT_BUNDLE_IDENTIFIER = com.yspritan.verto.uitests;
				PRODUCT_NAME = "$(TARGET_NAME)";
				SUPPORTED_PLATFORMS = "iphoneos iphonesimulator";
				SUPPORTS_MACCATALYST = NO;
				SUPPORTS_MAC_DESIGNED_FOR_IPHONE_IPAD = NO;
				SWIFT_EMIT_LOC_STRINGS = NO;
				SWIFT_VERSION = 5.0;
				TARGETED_DEVICE_FAMILY = 1;
				TEST_TARGET_NAME = Verto;
			};
			name = Release;
		};
		01C000000000000000000082 /* Debug */ = {
			isa = XCBuildConfiguration;
			buildSettings = {
				BUNDLE_LOADER = "$(TEST_HOST)";
				CODE_SIGN_STYLE = Automatic;
				CURRENT_PROJECT_VERSION = 1;
				DEVELOPMENT_TEAM = "";
				GENERATE_INFOPLIST_FILE = YES;
				IPHONEOS_DEPLOYMENT_TARGET = 17.0;
				LD_RUNPATH_SEARCH_PATHS = (
					"$(inherited)",
					"@executable_path/Frameworks",
					"@loader_path/Frameworks",
				);
				MARKETING_VERSION = 1.0;
				PRODUCT_BUNDLE_IDENTIFIER = com.yspritan.verto.tests;
				PRODUCT_NAME = "$(TARGET_NAME)";
				SUPPORTED_PLATFORMS = "iphoneos iphonesimulator";
				SUPPORTS_MACCATALYST = NO;
				SUPPORTS_MAC_DESIGNED_FOR_IPHONE_IPAD = NO;
				SWIFT_EMIT_LOC_STRINGS = NO;
				SWIFT_VERSION = 5.0;
				TARGETED_DEVICE_FAMILY = 1;
				TEST_HOST = "$(BUILT_PRODUCTS_DIR)/Verto.app/$(BUNDLE_EXECUTABLE_FOLDER_PATH)/Verto";
			};
			name = Debug;
		};
		01C000000000000000000083 /* Release */ = {
			isa = XCBuildConfiguration;
			buildSettings = {
				BUNDLE_LOADER = "$(TEST_HOST)";
				CODE_SIGN_STYLE = Automatic;
				CURRENT_PROJECT_VERSION = 1;
				DEVELOPMENT_TEAM = "";
				GENERATE_INFOPLIST_FILE = YES;
				IPHONEOS_DEPLOYMENT_TARGET = 17.0;
				LD_RUNPATH_SEARCH_PATHS = (
					"$(inherited)",
					"@executable_path/Frameworks",
					"@loader_path/Frameworks",
				);
				MARKETING_VERSION = 1.0;
				PRODUCT_BUNDLE_IDENTIFIER = com.yspritan.verto.tests;
				PRODUCT_NAME = "$(TARGET_NAME)";
				SUPPORTED_PLATFORMS = "iphoneos iphonesimulator";
				SUPPORTS_MACCATALYST = NO;
				SUPPORTS_MAC_DESIGNED_FOR_IPHONE_IPAD = NO;
				SWIFT_EMIT_LOC_STRINGS = NO;
				SWIFT_VERSION = 5.0;
				TARGETED_DEVICE_FAMILY = 1;
				TEST_HOST = "$(BUILT_PRODUCTS_DIR)/Verto.app/$(BUNDLE_EXECUTABLE_FOLDER_PATH)/Verto";
			};
			name = Release;
		};
/* End XCBuildConfiguration section */

/* Begin XCConfigurationList section */
		01A000000000000000000070 /* Build configuration list for PBXNativeTarget "Verto" */ = {
			isa = XCConfigurationList;
			buildConfigurations = (
				01A000000000000000000082 /* Debug */,
				01A000000000000000000083 /* Release */,
			);
			defaultConfigurationIsVisible = 0;
			defaultConfigurationName = Release;
		};
		01A000000000000000000071 /* Build configuration list for PBXProject "Verto" */ = {
			isa = XCConfigurationList;
			buildConfigurations = (
				01A000000000000000000080 /* Debug */,
				01A000000000000000000081 /* Release */,
			);
			defaultConfigurationIsVisible = 0;
			defaultConfigurationName = Release;
		};
		01B000000000000000000070 /* Build configuration list for PBXNativeTarget "VertoUITests" */ = {
			isa = XCConfigurationList;
			buildConfigurations = (
				01B000000000000000000082 /* Debug */,
				01B000000000000000000083 /* Release */,
			);
			defaultConfigurationIsVisible = 0;
			defaultConfigurationName = Release;
		};
		01C000000000000000000070 /* Build configuration list for PBXNativeTarget "VertoTests" */ = {
			isa = XCConfigurationList;
			buildConfigurations = (
				01C000000000000000000082 /* Debug */,
				01C000000000000000000083 /* Release */,
			);
			defaultConfigurationIsVisible = 0;
			defaultConfigurationName = Release;
		};
/* End XCConfigurationList section */
	};
	rootObject = 01A000000000000000000060 /* Project object */;
}
